
Microsoft Visual Studio Solution File, Format Version 12.00
# Visual Studio Version 16
VisualStudioVersion = 16.0.29613.14
MinimumVisualStudioVersion = 10.0.40219.1
Project("{FAE04EC0-301F-11D3-BF4B-00C04F79EFBC}") = "MiApp.Common", "MiApp.Common\MiApp.Common.csproj", "{F702E163-B24A-43A7-8663-53D78A9BFF36}"
EndProject
Project("{9A19103F-16F7-4668-BE54-9A1E7A4F7556}") = "MiApp.Web", "MiApp.Web\MiApp.Web.csproj", "{8F13A9E1-4012-486F-B7A3-6EC7128F343F}"
EndProject
Project("{FAE04EC0-301F-11D3-BF4B-00C04F79EFBC}") = "MiApp.Prism", "MiApp.Prism\MiApp.Prism\MiApp.Prism.csproj", "{E014A495-A64A-4DF3-9CC0-7D0B922EDB79}"
EndProject
Project("{FAE04EC0-301F-11D3-BF4B-00C04F79EFBC}") = "MiApp.Prism.Android", "MiApp.Prism\MiApp.Prism.Android\MiApp.Prism.Android.csproj", "{E57E53DF-C8DC-4477-8BC2-B63F44629EC4}"
EndProject
Project("{FAE04EC0-301F-11D3-BF4B-00C04F79EFBC}") = "MiApp.Prism.iOS", "MiApp.Prism\MiApp.Prism.iOS\MiApp.Prism.iOS.csproj", "{A07878C2-D266-4416-8AEE-1046A2935ADE}"
EndProject
Global
	GlobalSection(SolutionConfigurationPlatforms) = preSolution
		Ad-Hoc|Any CPU = Ad-Hoc|Any CPU
		Ad-Hoc|iPhone = Ad-Hoc|iPhone
		Ad-Hoc|iPhoneSimulator = Ad-Hoc|iPhoneSimulator
		AppStore|Any CPU = AppStore|Any CPU
		AppStore|iPhone = AppStore|iPhone
		AppStore|iPhoneSimulator = AppStore|iPhoneSimulator
		Debug|Any CPU = Debug|Any CPU
		Debug|iPhone = Debug|iPhone
		Debug|iPhoneSimulator = Debug|iPhoneSimulator
		Release|Any CPU = Release|Any CPU
		Release|iPhone = Release|iPhone
		Release|iPhoneSimulator = Release|iPhoneSimulator
	EndGlobalSection
	GlobalSection(ProjectConfigurationPlatforms) = postSolution
		{F702E163-B24A-43A7-8663-53D78A9BFF36}.Ad-Hoc|Any CPU.ActiveCfg = Release|Any CPU
		{F702E163-B24A-43A7-8663-53D78A9BFF36}.Ad-Hoc|Any CPU.Build.0 = Release|Any CPU
		{F702E163-B24A-43A7-8663-53D78A9BFF36}.Ad-Hoc|iPhone.ActiveCfg = Release|Any CPU
		{F702E163-B24A-43A7-8663-53D78A9BFF36}.Ad-Hoc|iPhone.Build.0 = Release|Any CPU
		{F702E163-B24A-43A7-8663-53D78A9BFF36}.Ad-Hoc|iPhoneSimulator.ActiveCfg = Release|Any CPU
		{F702E163-B24A-43A7-8663-53D78A9BFF36}.Ad-Hoc|iPhoneSimulator.Build.0 = Release|Any CPU
		{F702E163-B24A-43A7-8663-53D78A9BFF36}.AppStore|Any CPU.ActiveCfg = Release|Any CPU
		{F702E163-B24A-43A7-8663-53D78A9BFF36}.AppStore|Any CPU.Build.0 = Release|Any CPU
		{F702E163-B24A-43A7-8663-53D78A9BFF36}.AppStore|iPhone.ActiveCfg = Release|Any CPU
		{F702E163-B24A-43A7-8663-53D78A9BFF36}.AppStore|iPhone.Build.0 = Release|Any CPU
		{F702E163-B24A-43A7-8663-53D78A9BFF36}.AppStore|iPhoneSimulator.ActiveCfg = Release|Any CPU
		{F702E163-B24A-43A7-8663-53D78A9BFF36}.AppStore|iPhoneSimulator.Build.0 = Release|Any CPU
		{F702E163-B24A-43A7-8663-53D78A9BFF36}.Debug|Any CPU.ActiveCfg = Debug|Any CPU
		{F702E163-B24A-43A7-8663-53D78A9BFF36}.Debug|Any CPU.Build.0 = Debug|Any CPU
		{F702E163-B24A-43A7-8663-53D78A9BFF36}.Debug|iPhone.ActiveCfg = Debug|Any CPU
		{F702E163-B24A-43A7-8663-53D78A9BFF36}.Debug|iPhone.Build.0 = Debug|Any CPU
		{F702E163-B24A-43A7-8663-53D78A9BFF36}.Debug|iPhoneSimulator.ActiveCfg = Debug|Any CPU
		{F702E163-B24A-43A7-8663-53D78A9BFF36}.Debug|iPhoneSimulator.Build.0 = Debug|Any CPU
		{F702E163-B24A-43A7-8663-53D78A9BFF36}.Release|Any CPU.ActiveCfg = Release|Any CPU
		{F702E163-B24A-43A7-8663-53D78A9BFF36}.Release|Any CPU.Build.0 = Release|Any CPU
		{F702E163-B24A-43A7-8663-53D78A9BFF36}.Release|iPhone.ActiveCfg = Release|Any CPU
		{F702E163-B24A-43A7-8663-53D78A9BFF36}.Release|iPhone.Build.0 = Release|Any CPU
		{F702E163-B24A-43A7-8663-53D78A9BFF36}.Release|iPhoneSimulator.ActiveCfg = Release|Any CPU
		{F702E163-B24A-43A7-8663-53D78A9BFF36}.Release|iPhoneSimulator.Build.0 = Release|Any CPU
		{8F13A9E1-4012-486F-B7A3-6EC7128F343F}.Ad-Hoc|Any CPU.ActiveCfg = Debug|Any CPU
		{8F13A9E1-4012-486F-B7A3-6EC7128F343F}.Ad-Hoc|Any CPU.Build.0 = Debug|Any CPU
		{8F13A9E1-4012-486F-B7A3-6EC7128F343F}.Ad-Hoc|iPhone.ActiveCfg = Debug|Any CPU
		{8F13A9E1-4012-486F-B7A3-6EC7128F343F}.Ad-Hoc|iPhone.Build.0 = Debug|Any CPU
		{8F13A9E1-4012-486F-B7A3-6EC7128F343F}.Ad-Hoc|iPhoneSimulator.ActiveCfg = Debug|Any CPU
		{8F13A9E1-4012-486F-B7A3-6EC7128F343F}.Ad-Hoc|iPhoneSimulator.Build.0 = Debug|Any CPU
		{8F13A9E1-4012-486F-B7A3-6EC7128F343F}.AppStore|Any CPU.ActiveCfg = Debug|Any CPU
		{8F13A9E1-4012-486F-B7A3-6EC7128F343F}.AppStore|Any CPU.Build.0 = Debug|Any CPU
		{8F13A9E1-4012-486F-B7A3-6EC7128F343F}.AppStore|iPhone.ActiveCfg = Debug|Any CPU
		{8F13A9E1-4012-486F-B7A3-6EC7128F343F}.AppStore|iPhone.Build.0 = Debug|Any CPU
		{8F13A9E1-4012-486F-B7A3-6EC7128F343F}.AppStore|iPhoneSimulator.ActiveCfg = Debug|Any CPU
		{8F13A9E1-4012-486F-B7A3-6EC7128F343F}.AppStore|iPhoneSimulator.Build.0 = Debug|Any CPU
		{8F13A9E1-4012-486F-B7A3-6EC7128F343F}.Debug|Any CPU.ActiveCfg = Debug|Any CPU
		{8F13A9E1-4012-486F-B7A3-6EC7128F343F}.Debug|Any CPU.Build.0 = Debug|Any CPU
		{8F13A9E1-4012-486F-B7A3-6EC7128F343F}.Debug|iPhone.ActiveCfg = Debug|Any CPU
		{8F13A9E1-4012-486F-B7A3-6EC7128F343F}.Debug|iPhone.Build.0 = Debug|Any CPU
		{8F13A9E1-4012-486F-B7A3-6EC7128F343F}.Debug|iPhoneSimulator.ActiveCfg = Debug|Any CPU
		{8F13A9E1-4012-486F-B7A3-6EC7128F343F}.Debug|iPhoneSimulator.Build.0 = Debug|Any CPU
		{8F13A9E1-4012-486F-B7A3-6EC7128F343F}.Release|Any CPU.ActiveCfg = Release|Any CPU
		{8F13A9E1-4012-486F-B7A3-6EC7128F343F}.Release|Any CPU.Build.0 = Release|Any CPU
		{8F13A9E1-4012-486F-B7A3-6EC7128F343F}.Release|iPhone.ActiveCfg = Release|Any CPU
		{8F13A9E1-4012-486F-B7A3-6EC7128F343F}.Release|iPhone.Build.0 = Release|Any CPU
		{8F13A9E1-4012-486F-B7A3-6EC7128F343F}.Release|iPhoneSimulator.ActiveCfg = Release|Any CPU
		{8F13A9E1-4012-486F-B7A3-6EC7128F343F}.Release|iPhoneSimulator.Build.0 = Release|Any CPU
		{E014A495-A64A-4DF3-9CC0-7D0B922EDB79}.Ad-Hoc|Any CPU.ActiveCfg = Debug|Any CPU
		{E014A495-A64A-4DF3-9CC0-7D0B922EDB79}.Ad-Hoc|Any CPU.Build.0 = Debug|Any CPU
		{E014A495-A64A-4DF3-9CC0-7D0B922EDB79}.Ad-Hoc|iPhone.ActiveCfg = Debug|Any CPU
		{E014A495-A64A-4DF3-9CC0-7D0B922EDB79}.Ad-Hoc|iPhone.Build.0 = Debug|Any CPU
		{E014A495-A64A-4DF3-9CC0-7D0B922EDB79}.Ad-Hoc|iPhoneSimulator.ActiveCfg = Debug|Any CPU
		{E014A495-A64A-4DF3-9CC0-7D0B922EDB79}.Ad-Hoc|iPhoneSimulator.Build.0 = Debug|Any CPU
		{E014A495-A64A-4DF3-9CC0-7D0B922EDB79}.AppStore|Any CPU.ActiveCfg = Debug|Any CPU
		{E014A495-A64A-4DF3-9CC0-7D0B922EDB79}.AppStore|Any CPU.Build.0 = Debug|Any CPU
		{E014A495-A64A-4DF3-9CC0-7D0B922EDB79}.AppStore|iPhone.ActiveCfg = Debug|Any CPU
		{E014A495-A64A-4DF3-9CC0-7D0B922EDB79}.AppStore|iPhone.Build.0 = Debug|Any CPU
		{E014A495-A64A-4DF3-9CC0-7D0B922EDB79}.AppStore|iPhoneSimulator.ActiveCfg = Debug|Any CPU
		{E014A495-A64A-4DF3-9CC0-7D0B922EDB79}.AppStore|iPhoneSimulator.Build.0 = Debug|Any CPU
		{E014A495-A64A-4DF3-9CC0-7D0B922EDB79}.Debug|Any CPU.ActiveCfg = Debug|Any CPU
		{E014A495-A64A-4DF3-9CC0-7D0B922EDB79}.Debug|Any CPU.Build.0 = Debug|Any CPU
		{E014A495-A64A-4DF3-9CC0-7D0B922EDB79}.Debug|iPhone.ActiveCfg = Debug|Any CPU
		{E014A495-A64A-4DF3-9CC0-7D0B922EDB79}.Debug|iPhone.Build.0 = Debug|Any CPU
		{E014A495-A64A-4DF3-9CC0-7D0B922EDB79}.Debug|iPhoneSimulator.ActiveCfg = Debug|Any CPU
		{E014A495-A64A-4DF3-9CC0-7D0B922EDB79}.Debug|iPhoneSimulator.Build.0 = Debug|Any CPU
		{E014A495-A64A-4DF3-9CC0-7D0B922EDB79}.Release|Any CPU.ActiveCfg = Release|Any CPU
		{E014A495-A64A-4DF3-9CC0-7D0B922EDB79}.Release|Any CPU.Build.0 = Release|Any CPU
		{E014A495-A64A-4DF3-9CC0-7D0B922EDB79}.Release|iPhone.ActiveCfg = Release|Any CPU
		{E014A495-A64A-4DF3-9CC0-7D0B922EDB79}.Release|iPhone.Build.0 = Release|Any CPU
		{E014A495-A64A-4DF3-9CC0-7D0B922EDB79}.Release|iPhoneSimulator.ActiveCfg = Release|Any CPU
		{E014A495-A64A-4DF3-9CC0-7D0B922EDB79}.Release|iPhoneSimulator.Build.0 = Release|Any CPU
		{E57E53DF-C8DC-4477-8BC2-B63F44629EC4}.Ad-Hoc|Any CPU.ActiveCfg = Release|Any CPU
		{E57E53DF-C8DC-4477-8BC2-B63F44629EC4}.Ad-Hoc|Any CPU.Build.0 = Release|Any CPU
		{E57E53DF-C8DC-4477-8BC2-B63F44629EC4}.Ad-Hoc|Any CPU.Deploy.0 = Release|Any CPU
		{E57E53DF-C8DC-4477-8BC2-B63F44629EC4}.Ad-Hoc|iPhone.ActiveCfg = Release|Any CPU
		{E57E53DF-C8DC-4477-8BC2-B63F44629EC4}.Ad-Hoc|iPhone.Build.0 = Release|Any CPU
		{E57E53DF-C8DC-4477-8BC2-B63F44629EC4}.Ad-Hoc|iPhone.Deploy.0 = Release|Any CPU
		{E57E53DF-C8DC-4477-8BC2-B63F44629EC4}.Ad-Hoc|iPhoneSimulator.ActiveCfg = Release|Any CPU
		{E57E53DF-C8DC-4477-8BC2-B63F44629EC4}.Ad-Hoc|iPhoneSimulator.Build.0 = Release|Any CPU
		{E57E53DF-C8DC-4477-8BC2-B63F44629EC4}.Ad-Hoc|iPhoneSimulator.Deploy.0 = Release|Any CPU
		{E57E53DF-C8DC-4477-8BC2-B63F44629EC4}.AppStore|Any CPU.ActiveCfg = Release|Any CPU
		{E57E53DF-C8DC-4477-8BC2-B63F44629EC4}.AppStore|Any CPU.Build.0 = Release|Any CPU
		{E57E53DF-C8DC-4477-8BC2-B63F44629EC4}.AppStore|Any CPU.Deploy.0 = Release|Any CPU
		{E57E53DF-C8DC-4477-8BC2-B63F44629EC4}.AppStore|iPhone.ActiveCfg = Release|Any CPU
		{E57E53DF-C8DC-4477-8BC2-B63F44629EC4}.AppStore|iPhone.Build.0 = Release|Any CPU
		{E57E53DF-C8DC-4477-8BC2-B63F44629EC4}.AppStore|iPhone.Deploy.0 = Release|Any CPU
		{E57E53DF-C8DC-4477-8BC2-B63F44629EC4}.AppStore|iPhoneSimulator.ActiveCfg = Release|Any CPU
		{E57E53DF-C8DC-4477-8BC2-B63F44629EC4}.AppStore|iPhoneSimulator.Build.0 = Release|Any CPU
		{E57E53DF-C8DC-4477-8BC2-B63F44629EC4}.AppStore|iPhoneSimulator.Deploy.0 = Release|Any CPU
		{E57E53DF-C8DC-4477-8BC2-B63F44629EC4}.Debug|Any CPU.ActiveCfg = Debug|Any CPU
		{E57E53DF-C8DC-4477-8BC2-B63F44629EC4}.Debug|Any CPU.Build.0 = Debug|Any CPU
		{E57E53DF-C8DC-4477-8BC2-B63F44629EC4}.Debug|Any CPU.Deploy.0 = Debug|Any CPU
		{E57E53DF-C8DC-4477-8BC2-B63F44629EC4}.Debug|iPhone.ActiveCfg = Debug|Any CPU
		{E57E53DF-C8DC-4477-8BC2-B63F44629EC4}.Debug|iPhone.Build.0 = Debug|Any CPU
		{E57E53DF-C8DC-4477-8BC2-B63F44629EC4}.Debug|iPhone.Deploy.0 = Debug|Any CPU
		{E57E53DF-C8DC-4477-8BC2-B63F44629EC4}.Debug|iPhoneSimulator.ActiveCfg = Debug|Any CPU
		{E57E53DF-C8DC-4477-8BC2-B63F44629EC4}.Debug|iPhoneSimulator.Build.0 = Debug|Any CPU
		{E57E53DF-C8DC-4477-8BC2-B63F44629EC4}.Debug|iPhoneSimulator.Deploy.0 = Debug|Any CPU
		{E57E53DF-C8DC-4477-8BC2-B63F44629EC4}.Release|Any CPU.ActiveCfg = Release|Any CPU
		{E57E53DF-C8DC-4477-8BC2-B63F44629EC4}.Release|Any CPU.Build.0 = Release|Any CPU
		{E57E53DF-C8DC-4477-8BC2-B63F44629EC4}.Release|Any CPU.Deploy.0 = Release|Any CPU
		{E57E53DF-C8DC-4477-8BC2-B63F44629EC4}.Release|iPhone.ActiveCfg = Release|Any CPU
		{E57E53DF-C8DC-4477-8BC2-B63F44629EC4}.Release|iPhone.Build.0 = Release|Any CPU
		{E57E53DF-C8DC-4477-8BC2-B63F44629EC4}.Release|iPhone.Deploy.0 = Release|Any CPU
		{E57E53DF-C8DC-4477-8BC2-B63F44629EC4}.Release|iPhoneSimulator.ActiveCfg = Release|Any CPU
		{E57E53DF-C8DC-4477-8BC2-B63F44629EC4}.Release|iPhoneSimulator.Build.0 = Release|Any CPU
		{E57E53DF-C8DC-4477-8BC2-B63F44629EC4}.Release|iPhoneSimulator.Deploy.0 = Release|Any CPU
		{A07878C2-D266-4416-8AEE-1046A2935ADE}.Ad-Hoc|Any CPU.ActiveCfg = Ad-Hoc|iPhone
		{A07878C2-D266-4416-8AEE-1046A2935ADE}.Ad-Hoc|iPhone.ActiveCfg = Ad-Hoc|iPhone
		{A07878C2-D266-4416-8AEE-1046A2935ADE}.Ad-Hoc|iPhone.Build.0 = Ad-Hoc|iPhone
		{A07878C2-D266-4416-8AEE-1046A2935ADE}.Ad-Hoc|iPhoneSimulator.ActiveCfg = Ad-Hoc|iPhoneSimulator
		{A07878C2-D266-4416-8AEE-1046A2935ADE}.Ad-Hoc|iPhoneSimulator.Build.0 = Ad-Hoc|iPhoneSimulator
		{A07878C2-D266-4416-8AEE-1046A2935ADE}.AppStore|Any CPU.ActiveCfg = AppStore|iPhone
		{A07878C2-D266-4416-8AEE-1046A2935ADE}.AppStore|iPhone.ActiveCfg = AppStore|iPhone
		{A07878C2-D266-4416-8AEE-1046A2935ADE}.AppStore|iPhone.Build.0 = AppStore|iPhone
		{A07878C2-D266-4416-8AEE-1046A2935ADE}.AppStore|iPhoneSimulator.ActiveCfg = AppStore|iPhoneSimulator
		{A07878C2-D266-4416-8AEE-1046A2935ADE}.AppStore|iPhoneSimulator.Build.0 = AppStore|iPhoneSimulator
		{A07878C2-D266-4416-8AEE-1046A2935ADE}.Debug|Any CPU.ActiveCfg = Debug|iPhone
		{A07878C2-D266-4416-8AEE-1046A2935ADE}.Debug|iPhone.ActiveCfg = Debug|iPhone
		{A07878C2-D266-4416-8AEE-1046A2935ADE}.Debug|iPhone.Build.0 = Debug|iPhone
		{A07878C2-D266-4416-8AEE-1046A2935ADE}.Debug|iPhoneSimulator.ActiveCfg = Debug|iPhoneSimulator
		{A07878C2-D266-4416-8AEE-1046A2935ADE}.Debug|iPhoneSimulator.Build.0 = Debug|iPhoneSimulator
		{A07878C2-D266-4416-8AEE-1046A2935ADE}.Release|Any CPU.ActiveCfg = Release|iPhone
		{A07878C2-D266-4416-8AEE-1046A2935ADE}.Release|iPhone.ActiveCfg = Release|iPhone
		{A07878C2-D266-4416-8AEE-1046A2935ADE}.Release|iPhone.Build.0 = Release|iPhone
		{A07878C2-D266-4416-8AEE-1046A2935ADE}.Release|iPhoneSimulator.ActiveCfg = Release|iPhoneSimulator
		{A07878C2-D266-4416-8AEE-1046A2935ADE}.Release|iPhoneSimulator.Build.0 = Release|iPhoneSimulator
	EndGlobalSection
	GlobalSection(SolutionProperties) = preSolution
		HideSolutionNode = FALSE
	EndGlobalSection
	GlobalSection(ExtensibilityGlobals) = postSolution
		SolutionGuid = {6B1F18B4-66E5-49DF-AC34-D129D400869E}
	EndGlobalSection
EndGlobal
